
Microsoft Visual Studio Solution File, Format Version 12.00
# Visual Studio Version 17
VisualStudioVersion = 17.8.34525.116
MinimumVisualStudioVersion = 10.0.40219.1
Project("{FAE04EC0-301F-11D3-BF4B-00C04F79EFBC}") = "BookLibraryApi", "BookLibraryApi\BookLibraryApi.csproj", "{21981B03-03E8-433E-85A7-55DD279AFB0E}"
EndProject
Global
	GlobalSection(SolutionConfigurationPlatforms) = preSolution
		Debug|Any CPU = Debug|Any CPU
		Release|Any CPU = Release|Any CPU
	EndGlobalSection
	GlobalSection(ProjectConfigurationPlatforms) = postSolution
		{21981B03-03E8-433E-85A7-55DD279AFB0E}.Debug|Any CPU.ActiveCfg = Debug|Any CPU
		{21981B03-03E8-433E-85A7-55DD279AFB0E}.Debug|Any CPU.Build.0 = Debug|Any CPU
		{21981B03-03E8-433E-85A7-55DD279AFB0E}.Release|Any CPU.ActiveCfg = Release|Any CPU
		{21981B03-03E8-433E-85A7-55DD279AFB0E}.Release|Any CPU.Build.0 = Release|Any CPU
	EndGlobalSection
	GlobalSection(SolutionProperties) = preSolution
		HideSolutionNode = FALSE
	EndGlobalSection
	GlobalSection(ExtensibilityGlobals) = postSolution
		SolutionGuid = {5DCF1159-0051-4940-BF20-56B04F102574}
	EndGlobalSection
EndGlobal
